
Microsoft Visual Studio Solution File, Format Version 12.00
# Visual Studio Version 16
VisualStudioVersion = 16.0.30413.136
MinimumVisualStudioVersion = 10.0.40219.1
Project("{2150E333-8FDC-42A3-9474-1A3956D46DE8}") = "Application", "Application", "{1399FE19-3056-4500-9F12-DB01C28B11AB}"
EndProject
Project("{2150E333-8FDC-42A3-9474-1A3956D46DE8}") = "Domain", "Domain", "{7174F42F-1EB4-4D31-B500-253C50EACE0F}"
EndProject
Project("{2150E333-8FDC-42A3-9474-1A3956D46DE8}") = "Infra.Data", "Infra.Data", "{68C34843-9674-49EE-916B-6D4E0081A6FA}"
EndProject
Project("{2150E333-8FDC-42A3-9474-1A3956D46DE8}") = "Infra.loC", "Infra.loC", "{7BB82ABA-6372-4AFE-87DE-446AAE25D2B1}"
EndProject
Project("{2150E333-8FDC-42A3-9474-1A3956D46DE8}") = "Presentation", "Presentation", "{5EEE6AC2-0642-425C-9839-B837E13A0569}"
EndProject
Project("{9A19103F-16F7-4668-BE54-9A1E7A4F7556}") = "CleanArch.MVC", "CleanArch.MVC\CleanArch.MVC.csproj", "{0F22ED7B-81BC-47AF-9C87-66DA288CA80B}"
EndProject
Project("{9A19103F-16F7-4668-BE54-9A1E7A4F7556}") = "CleanArch.Domain", "CleanArch.Domain\CleanArch.Domain.csproj", "{CB204C78-60BA-4436-9EA6-0C0E305371EA}"
EndProject
Project("{9A19103F-16F7-4668-BE54-9A1E7A4F7556}") = "CleanArch.Infra.Data", "CleanArch.Infra.Data\CleanArch.Infra.Data.csproj", "{FDD4A2DA-AA2D-45A9-9A99-9EB3D4372D55}"
EndProject
Project("{9A19103F-16F7-4668-BE54-9A1E7A4F7556}") = "CleanArch.Application", "CleanArch.Application\CleanArch.Application.csproj", "{7AE12C69-61A6-4CDD-AE98-CC9C50E111C6}"
EndProject
Project("{FAE04EC0-301F-11D3-BF4B-00C04F79EFBC}") = "CleanArch.Infra.loC", "CleanArch.Infra.loC\CleanArch.Infra.loC.csproj", "{BDECC029-284A-4379-A3F4-9BEE392999A5}"
EndProject
Global
	GlobalSection(SolutionConfigurationPlatforms) = preSolution
		Debug|Any CPU = Debug|Any CPU
		Release|Any CPU = Release|Any CPU
	EndGlobalSection
	GlobalSection(ProjectConfigurationPlatforms) = postSolution
		{0F22ED7B-81BC-47AF-9C87-66DA288CA80B}.Debug|Any CPU.ActiveCfg = Debug|Any CPU
		{0F22ED7B-81BC-47AF-9C87-66DA288CA80B}.Debug|Any CPU.Build.0 = Debug|Any CPU
		{0F22ED7B-81BC-47AF-9C87-66DA288CA80B}.Release|Any CPU.ActiveCfg = Release|Any CPU
		{0F22ED7B-81BC-47AF-9C87-66DA288CA80B}.Release|Any CPU.Build.0 = Release|Any CPU
		{CB204C78-60BA-4436-9EA6-0C0E305371EA}.Debug|Any CPU.ActiveCfg = Debug|Any CPU
		{CB204C78-60BA-4436-9EA6-0C0E305371EA}.Debug|Any CPU.Build.0 = Debug|Any CPU
		{CB204C78-60BA-4436-9EA6-0C0E305371EA}.Release|Any CPU.ActiveCfg = Release|Any CPU
		{CB204C78-60BA-4436-9EA6-0C0E305371EA}.Release|Any CPU.Build.0 = Release|Any CPU
		{FDD4A2DA-AA2D-45A9-9A99-9EB3D4372D55}.Debug|Any CPU.ActiveCfg = Debug|Any CPU
		{FDD4A2DA-AA2D-45A9-9A99-9EB3D4372D55}.Debug|Any CPU.Build.0 = Debug|Any CPU
		{FDD4A2DA-AA2D-45A9-9A99-9EB3D4372D55}.Release|Any CPU.ActiveCfg = Release|Any CPU
		{FDD4A2DA-AA2D-45A9-9A99-9EB3D4372D55}.Release|Any CPU.Build.0 = Release|Any CPU
		{7AE12C69-61A6-4CDD-AE98-CC9C50E111C6}.Debug|Any CPU.ActiveCfg = Debug|Any CPU
		{7AE12C69-61A6-4CDD-AE98-CC9C50E111C6}.Debug|Any CPU.Build.0 = Debug|Any CPU
		{7AE12C69-61A6-4CDD-AE98-CC9C50E111C6}.Release|Any CPU.ActiveCfg = Release|Any CPU
		{7AE12C69-61A6-4CDD-AE98-CC9C50E111C6}.Release|Any CPU.Build.0 = Release|Any CPU
		{BDECC029-284A-4379-A3F4-9BEE392999A5}.Debug|Any CPU.ActiveCfg = Debug|Any CPU
		{BDECC029-284A-4379-A3F4-9BEE392999A5}.Debug|Any CPU.Build.0 = Debug|Any CPU
		{BDECC029-284A-4379-A3F4-9BEE392999A5}.Release|Any CPU.ActiveCfg = Release|Any CPU
		{BDECC029-284A-4379-A3F4-9BEE392999A5}.Release|Any CPU.Build.0 = Release|Any CPU
	EndGlobalSection
	GlobalSection(SolutionProperties) = preSolution
		HideSolutionNode = FALSE
	EndGlobalSection
	GlobalSection(NestedProjects) = preSolution
		{0F22ED7B-81BC-47AF-9C87-66DA288CA80B} = {5EEE6AC2-0642-425C-9839-B837E13A0569}
		{CB204C78-60BA-4436-9EA6-0C0E305371EA} = {7174F42F-1EB4-4D31-B500-253C50EACE0F}
		{FDD4A2DA-AA2D-45A9-9A99-9EB3D4372D55} = {68C34843-9674-49EE-916B-6D4E0081A6FA}
		{7AE12C69-61A6-4CDD-AE98-CC9C50E111C6} = {1399FE19-3056-4500-9F12-DB01C28B11AB}
		{BDECC029-284A-4379-A3F4-9BEE392999A5} = {7BB82ABA-6372-4AFE-87DE-446AAE25D2B1}
	EndGlobalSection
	GlobalSection(ExtensibilityGlobals) = postSolution
		SolutionGuid = {2275FD95-1727-4B39-9BEB-D92E771D3A2D}
	EndGlobalSection
EndGlobal
